{
  "name": "exalt",
  "requires": true,
  "lockfileVersion": 1,
  "dependencies": {
    "pnpm": {
      "version": "5.17.2",
      "resolved": "https://registry.npmjs.org/pnpm/-/pnpm-5.17.2.tgz",
      "integrity": "sha512-X0WEumozKhlYZObL1E+Nmi67f+ZMS+fbpE6vAymlazT2lx0B+Agw9iJsdd//tjAqIzxcsxxgZScx0EIPc42Ulw==",
      "dev": true
    }
  }
}
