{
  "name": "exalt",
  "lockfileVersion": 2,
  "requires": true,
  "packages": {
    "": {
      "name": "exalt",
      "license": "MIT",
      "devDependencies": {
        "pnpm": "^6.15.2"
      }
    },
    "node_modules/pnpm": {
      "version": "6.15.2",
      "resolved": "https://registry.npmjs.org/pnpm/-/pnpm-6.15.2.tgz",
      "integrity": "sha512-zDvVALUM2r4DfU9lTP/zkUbkRlrVy/Ihn9vojfrrqOJfkUXoYlT/hfe2TfAELMmOsG21h7b3qms5DV6gzpVX9w==",
      "dev": true,
      "bin": {
        "pnpm": "bin/pnpm.cjs",
        "pnpx": "bin/pnpx.cjs"
      },
      "engines": {
        "node": ">=12.17"
      },
      "funding": {
        "url": "https://opencollective.com/pnpm"
      }
    }
  },
  "dependencies": {
    "pnpm": {
      "version": "6.15.2",
      "resolved": "https://registry.npmjs.org/pnpm/-/pnpm-6.15.2.tgz",
      "integrity": "sha512-zDvVALUM2r4DfU9lTP/zkUbkRlrVy/Ihn9vojfrrqOJfkUXoYlT/hfe2TfAELMmOsG21h7b3qms5DV6gzpVX9w==",
      "dev": true
    }
  }
}
