{
  "name": "exalt",
  "requires": true,
  "lockfileVersion": 1,
  "dependencies": {
    "pnpm": {
      "version": "5.18.8",
      "resolved": "https://registry.npmjs.org/pnpm/-/pnpm-5.18.8.tgz",
      "integrity": "sha512-MO0XZoJfZFn6KjhcDpS03P9MeKx3xzgoXJcIcTjJ29/pKeS1O5x/SeLjzsCsAbkPLrv6JdY5uotIz7LRKEe88w==",
      "dev": true
    }
  }
}
